// !$*UTF8*$!
{
	archiveVersion = 1;
	classes = {
	};
	objectVersion = 50;
	objects = {

/* Begin PBXBuildFile section */
		220291DF21D7121F009A1F15 /* RoutingTests.swift in Sources */ = {isa = PBXBuildFile; fileRef = 220291DE21D7121F009A1F15 /* RoutingTests.swift */; };
		220291E121D7129C009A1F15 /* Mocks.swift in Sources */ = {isa = PBXBuildFile; fileRef = 220291E021D7129C009A1F15 /* Mocks.swift */; };
		220291E421D716ED009A1F15 /* ConfigurationTests.swift in Sources */ = {isa = PBXBuildFile; fileRef = 220291E321D716ED009A1F15 /* ConfigurationTests.swift */; };
		221E3E1A2127E36800256B13 /* Utilities_GitDiffer.swift in Sources */ = {isa = PBXBuildFile; fileRef = 221E3E192127E36800256B13 /* Utilities_GitDiffer.swift */; };
		221E3E1C2127E6CB00256B13 /* GitConfiguration.swift in Sources */ = {isa = PBXBuildFile; fileRef = 221E3E1B2127E6CB00256B13 /* GitConfiguration.swift */; };
		221E3E202127F28F00256B13 /* Utilities_Shell.swift in Sources */ = {isa = PBXBuildFile; fileRef = 221E3E1F2127F28F00256B13 /* Utilities_Shell.swift */; };
		2221C32621920784008D2AA7 /* ArgumentScheme.swift in Sources */ = {isa = PBXBuildFile; fileRef = 2221C32521920784008D2AA7 /* ArgumentScheme.swift */; };
		2221C327219207B9008D2AA7 /* ArgumentScheme.swift in Sources */ = {isa = PBXBuildFile; fileRef = 2221C32521920784008D2AA7 /* ArgumentScheme.swift */; };
		223745BE20F3220D0002AD6F /* String+DiffFormatter.swift in Sources */ = {isa = PBXBuildFile; fileRef = 223745BD20F3220D0002AD6F /* String+DiffFormatter.swift */; };
		224EE6F321A8E1C9008A97CF /* Outputtable.swift in Sources */ = {isa = PBXBuildFile; fileRef = 224EE6F221A8E1C9008A97CF /* Outputtable.swift */; };
		224EE6F421A8E358008A97CF /* Outputtable.swift in Sources */ = {isa = PBXBuildFile; fileRef = 224EE6F221A8E1C9008A97CF /* Outputtable.swift */; };
		224EE6F621A8EE82008A97CF /* Line_Context.swift in Sources */ = {isa = PBXBuildFile; fileRef = 224EE6F521A8EE82008A97CF /* Line_Context.swift */; };
		224EE6F721A8EF19008A97CF /* Line_Context.swift in Sources */ = {isa = PBXBuildFile; fileRef = 224EE6F521A8EE82008A97CF /* Line_Context.swift */; };
		224EE6F921A917B7008A97CF /* Line.swift in Sources */ = {isa = PBXBuildFile; fileRef = 224EE6F821A917B7008A97CF /* Line.swift */; };
		224EE6FA21A919DE008A97CF /* Line.swift in Sources */ = {isa = PBXBuildFile; fileRef = 224EE6F821A917B7008A97CF /* Line.swift */; };
		225623C82190FA8000D43338 /* ArgumentRouter.swift in Sources */ = {isa = PBXBuildFile; fileRef = 22AACD6C20EEE33500806FF3 /* ArgumentRouter.swift */; };
		225623C92190FA8000D43338 /* ArgumentHandler.swift in Sources */ = {isa = PBXBuildFile; fileRef = 22AB23592190BBC4000BAD64 /* ArgumentHandler.swift */; };
		225623CA2190FA8000D43338 /* RoutingContext.swift in Sources */ = {isa = PBXBuildFile; fileRef = 22AB23622190C2EC000BAD64 /* RoutingContext.swift */; };
		225623CB2190FA8000D43338 /* HandleResult.swift in Sources */ = {isa = PBXBuildFile; fileRef = 22AB23672190E130000BAD64 /* HandleResult.swift */; };
		225623CC2190FA8A00D43338 /* UsageHandler.swift in Sources */ = {isa = PBXBuildFile; fileRef = 22AB235D2190BCAC000BAD64 /* UsageHandler.swift */; };
		225623CD2190FA8A00D43338 /* VersionHandler.swift in Sources */ = {isa = PBXBuildFile; fileRef = 22AB23602190C1F1000BAD64 /* VersionHandler.swift */; };
		225623CE2190FA8A00D43338 /* DiffHandler.swift in Sources */ = {isa = PBXBuildFile; fileRef = 22AB23642190C65D000BAD64 /* DiffHandler.swift */; };
		225623CF2190FA8E00D43338 /* App.swift in Sources */ = {isa = PBXBuildFile; fileRef = 228D0DFD214ED79100D808F7 /* App.swift */; };
		225623D02190FA9300D43338 /* TransformerFactory.swift in Sources */ = {isa = PBXBuildFile; fileRef = 22AACD6620EED11200806FF3 /* TransformerFactory.swift */; };
		225623D12190FA9300D43338 /* Argument.swift in Sources */ = {isa = PBXBuildFile; fileRef = 22AACD7420EF30B400806FF3 /* Argument.swift */; };
		225623D32190FA9600D43338 /* Contributor.swift in Sources */ = {isa = PBXBuildFile; fileRef = 22AACD7020EF24CC00806FF3 /* Contributor.swift */; };
		225623D42190FA9600D43338 /* DelimiterPair.swift in Sources */ = {isa = PBXBuildFile; fileRef = 22FAE69F2127450D0097A0A5 /* DelimiterPair.swift */; };
		225623D52190FA9B00D43338 /* Section_Info.swift in Sources */ = {isa = PBXBuildFile; fileRef = 226433512123E0BD00B46082 /* Section_Info.swift */; };
		225623D62190FA9B00D43338 /* Section.swift in Sources */ = {isa = PBXBuildFile; fileRef = 2264335321240C0C00B46082 /* Section.swift */; };
		225623D72190FA9B00D43338 /* Line_Components.swift in Sources */ = {isa = PBXBuildFile; fileRef = 226433592125037E00B46082 /* Line_Components.swift */; };
		225623D82190FAA000D43338 /* Utilities_GitDiffer.swift in Sources */ = {isa = PBXBuildFile; fileRef = 221E3E192127E36800256B13 /* Utilities_GitDiffer.swift */; };
		225623D92190FAA000D43338 /* Utilities_OutputGenerator.swift in Sources */ = {isa = PBXBuildFile; fileRef = 22AACD6A20EED12500806FF3 /* Utilities_OutputGenerator.swift */; };
		225623DA2190FAA000D43338 /* Utilities_Pasteboard.swift in Sources */ = {isa = PBXBuildFile; fileRef = 22AACD6820EED11800806FF3 /* Utilities_Pasteboard.swift */; };
		225623DB2190FAA000D43338 /* Utilities_Regex.swift in Sources */ = {isa = PBXBuildFile; fileRef = 22AACD6420EEAAE200806FF3 /* Utilities_Regex.swift */; };
		225623DC2190FAA000D43338 /* Utilities_Shell.swift in Sources */ = {isa = PBXBuildFile; fileRef = 221E3E1F2127F28F00256B13 /* Utilities_Shell.swift */; };
		225623DD2190FAA600D43338 /* Configurator.swift in Sources */ = {isa = PBXBuildFile; fileRef = 2264334C2123DC9700B46082 /* Configurator.swift */; };
		225623DE2190FAA600D43338 /* Configuration.swift in Sources */ = {isa = PBXBuildFile; fileRef = 2264334E2123DD3100B46082 /* Configuration.swift */; };
		225623DF2190FAA600D43338 /* DelimiterConfiguration.swift in Sources */ = {isa = PBXBuildFile; fileRef = 22FAE6A22127492F0097A0A5 /* DelimiterConfiguration.swift */; };
		225623E02190FAA600D43338 /* ContributorsConfiguration.swift in Sources */ = {isa = PBXBuildFile; fileRef = 22FAE6A721277DC60097A0A5 /* ContributorsConfiguration.swift */; };
		225623E12190FAA600D43338 /* GitConfiguration.swift in Sources */ = {isa = PBXBuildFile; fileRef = 221E3E1B2127E6CB00256B13 /* GitConfiguration.swift */; };
		225623E22190FAAA00D43338 /* String+DiffFormatter.swift in Sources */ = {isa = PBXBuildFile; fileRef = 223745BD20F3220D0002AD6F /* String+DiffFormatter.swift */; };
		225623E4219100F500D43338 /* Utilities.swift in Sources */ = {isa = PBXBuildFile; fileRef = 225623E3219100F500D43338 /* Utilities.swift */; };
		225623E52191037F00D43338 /* Utilities.swift in Sources */ = {isa = PBXBuildFile; fileRef = 225623E3219100F500D43338 /* Utilities.swift */; };
		2264334D2123DC9700B46082 /* Configurator.swift in Sources */ = {isa = PBXBuildFile; fileRef = 2264334C2123DC9700B46082 /* Configurator.swift */; };
		2264334F2123DD3100B46082 /* Configuration.swift in Sources */ = {isa = PBXBuildFile; fileRef = 2264334E2123DD3100B46082 /* Configuration.swift */; };
		226433522123E0BD00B46082 /* Section_Info.swift in Sources */ = {isa = PBXBuildFile; fileRef = 226433512123E0BD00B46082 /* Section_Info.swift */; };
		2264335421240C0C00B46082 /* Section.swift in Sources */ = {isa = PBXBuildFile; fileRef = 2264335321240C0C00B46082 /* Section.swift */; };
		2264335A2125037E00B46082 /* Line_Components.swift in Sources */ = {isa = PBXBuildFile; fileRef = 226433592125037E00B46082 /* Line_Components.swift */; };
		226433622126421100B46082 /* OutputTests.swift in Sources */ = {isa = PBXBuildFile; fileRef = 226433612126421100B46082 /* OutputTests.swift */; };
		2274E0D521A8A14A00707869 /* Regex.swift in Sources */ = {isa = PBXBuildFile; fileRef = 2274E0D421A8A14A00707869 /* Regex.swift */; };
		2274E0D721A8A1E000707869 /* Transformer.swift in Sources */ = {isa = PBXBuildFile; fileRef = 2274E0D621A8A1E000707869 /* Transformer.swift */; };
		2274E0D921A8A28D00707869 /* Regex.swift in Sources */ = {isa = PBXBuildFile; fileRef = 2274E0D421A8A14A00707869 /* Regex.swift */; };
		2274E0DA21A8A2A400707869 /* Transformer.swift in Sources */ = {isa = PBXBuildFile; fileRef = 2274E0D621A8A1E000707869 /* Transformer.swift */; };
		2274E0DC21A8A56B00707869 /* Line_FormatComponent.swift in Sources */ = {isa = PBXBuildFile; fileRef = 2274E0DB21A8A56B00707869 /* Line_FormatComponent.swift */; };
		2274E0DE21A8A5CE00707869 /* LineOutputtable.swift in Sources */ = {isa = PBXBuildFile; fileRef = 2274E0DD21A8A5CE00707869 /* LineOutputtable.swift */; };
		228D0DFE214ED79100D808F7 /* App.swift in Sources */ = {isa = PBXBuildFile; fileRef = 228D0DFD214ED79100D808F7 /* App.swift */; };
		22AACD5E20EEAAAC00806FF3 /* main.swift in Sources */ = {isa = PBXBuildFile; fileRef = 22AACD5D20EEAAAC00806FF3 /* main.swift */; };
		22AACD6520EEAAE200806FF3 /* Utilities_Regex.swift in Sources */ = {isa = PBXBuildFile; fileRef = 22AACD6420EEAAE200806FF3 /* Utilities_Regex.swift */; };
		22AACD6720EED11200806FF3 /* TransformerFactory.swift in Sources */ = {isa = PBXBuildFile; fileRef = 22AACD6620EED11200806FF3 /* TransformerFactory.swift */; };
		22AACD6920EED11800806FF3 /* Utilities_Pasteboard.swift in Sources */ = {isa = PBXBuildFile; fileRef = 22AACD6820EED11800806FF3 /* Utilities_Pasteboard.swift */; };
		22AACD6B20EED12500806FF3 /* Utilities_OutputGenerator.swift in Sources */ = {isa = PBXBuildFile; fileRef = 22AACD6A20EED12500806FF3 /* Utilities_OutputGenerator.swift */; };
		22AACD6D20EEE33500806FF3 /* ArgumentRouter.swift in Sources */ = {isa = PBXBuildFile; fileRef = 22AACD6C20EEE33500806FF3 /* ArgumentRouter.swift */; };
		22AACD7120EF24CC00806FF3 /* Contributor.swift in Sources */ = {isa = PBXBuildFile; fileRef = 22AACD7020EF24CC00806FF3 /* Contributor.swift */; };
		22AACD7520EF30B400806FF3 /* Argument.swift in Sources */ = {isa = PBXBuildFile; fileRef = 22AACD7420EF30B400806FF3 /* Argument.swift */; };
		22AB235A2190BBC4000BAD64 /* ArgumentHandler.swift in Sources */ = {isa = PBXBuildFile; fileRef = 22AB23592190BBC4000BAD64 /* ArgumentHandler.swift */; };
		22AB235E2190BCAC000BAD64 /* UsageHandler.swift in Sources */ = {isa = PBXBuildFile; fileRef = 22AB235D2190BCAC000BAD64 /* UsageHandler.swift */; };
		22AB23612190C1F1000BAD64 /* VersionHandler.swift in Sources */ = {isa = PBXBuildFile; fileRef = 22AB23602190C1F1000BAD64 /* VersionHandler.swift */; };
		22AB23632190C2EC000BAD64 /* RoutingContext.swift in Sources */ = {isa = PBXBuildFile; fileRef = 22AB23622190C2EC000BAD64 /* RoutingContext.swift */; };
		22AB23652190C65D000BAD64 /* DiffHandler.swift in Sources */ = {isa = PBXBuildFile; fileRef = 22AB23642190C65D000BAD64 /* DiffHandler.swift */; };
		22AB23682190E130000BAD64 /* HandleResult.swift in Sources */ = {isa = PBXBuildFile; fileRef = 22AB23672190E130000BAD64 /* HandleResult.swift */; };
		22B7B58521A8A87F005F43F1 /* LineOutputtable.swift in Sources */ = {isa = PBXBuildFile; fileRef = 2274E0DD21A8A5CE00707869 /* LineOutputtable.swift */; };
		22B7B58621A8A8B7005F43F1 /* Line_FormatComponent.swift in Sources */ = {isa = PBXBuildFile; fileRef = 2274E0DB21A8A56B00707869 /* Line_FormatComponent.swift */; };
		22B7B58821A8B247005F43F1 /* Codable+DiffFormatter.swift in Sources */ = {isa = PBXBuildFile; fileRef = 22B7B58721A8B247005F43F1 /* Codable+DiffFormatter.swift */; };
		22B7B58921A8B4BC005F43F1 /* Codable+DiffFormatter.swift in Sources */ = {isa = PBXBuildFile; fileRef = 22B7B58721A8B247005F43F1 /* Codable+DiffFormatter.swift */; };
		22FAE692212718660097A0A5 /* ProcessInfoMock.swift in Sources */ = {isa = PBXBuildFile; fileRef = 22FAE691212718660097A0A5 /* ProcessInfoMock.swift */; };
		22FAE69421271B4E0097A0A5 /* FileManagerMock.swift in Sources */ = {isa = PBXBuildFile; fileRef = 22FAE69321271B4E0097A0A5 /* FileManagerMock.swift */; };
		22FAE69B21272AD60097A0A5 /* default_config.json in Resources */ = {isa = PBXBuildFile; fileRef = 22FAE69A21272AD60097A0A5 /* default_config.json */; };
		22FAE6A02127450D0097A0A5 /* DelimiterPair.swift in Sources */ = {isa = PBXBuildFile; fileRef = 22FAE69F2127450D0097A0A5 /* DelimiterPair.swift */; };
		22FAE6A32127492F0097A0A5 /* DelimiterConfiguration.swift in Sources */ = {isa = PBXBuildFile; fileRef = 22FAE6A22127492F0097A0A5 /* DelimiterConfiguration.swift */; };
		22FAE6A621274F4C0097A0A5 /* custom_delimiter_config.json in Resources */ = {isa = PBXBuildFile; fileRef = 22FAE6A521274F4C0097A0A5 /* custom_delimiter_config.json */; };
		22FAE6A821277DC60097A0A5 /* ContributorsConfiguration.swift in Sources */ = {isa = PBXBuildFile; fileRef = 22FAE6A721277DC60097A0A5 /* ContributorsConfiguration.swift */; };
/* End PBXBuildFile section */

/* Begin PBXCopyFilesBuildPhase section */
		22AACD5820EEAAAC00806FF3 /* CopyFiles */ = {
			isa = PBXCopyFilesBuildPhase;
			buildActionMask = 2147483647;
			dstPath = /usr/share/man/man1/;
			dstSubfolderSpec = 0;
			files = (
			);
			runOnlyForDeploymentPostprocessing = 1;
		};
/* End PBXCopyFilesBuildPhase section */

/* Begin PBXFileReference section */
		220291DE21D7121F009A1F15 /* RoutingTests.swift */ = {isa = PBXFileReference; lastKnownFileType = sourcecode.swift; path = RoutingTests.swift; sourceTree = "<group>"; };
		220291E021D7129C009A1F15 /* Mocks.swift */ = {isa = PBXFileReference; lastKnownFileType = sourcecode.swift; path = Mocks.swift; sourceTree = "<group>"; };
		220291E321D716ED009A1F15 /* ConfigurationTests.swift */ = {isa = PBXFileReference; lastKnownFileType = sourcecode.swift; path = ConfigurationTests.swift; sourceTree = "<group>"; };
		221E3E192127E36800256B13 /* Utilities_GitDiffer.swift */ = {isa = PBXFileReference; lastKnownFileType = sourcecode.swift; path = Utilities_GitDiffer.swift; sourceTree = "<group>"; };
		221E3E1B2127E6CB00256B13 /* GitConfiguration.swift */ = {isa = PBXFileReference; lastKnownFileType = sourcecode.swift; path = GitConfiguration.swift; sourceTree = "<group>"; };
		221E3E1F2127F28F00256B13 /* Utilities_Shell.swift */ = {isa = PBXFileReference; lastKnownFileType = sourcecode.swift; path = Utilities_Shell.swift; sourceTree = "<group>"; };
		2221C32521920784008D2AA7 /* ArgumentScheme.swift */ = {isa = PBXFileReference; lastKnownFileType = sourcecode.swift; path = ArgumentScheme.swift; sourceTree = "<group>"; };
		223745BD20F3220D0002AD6F /* String+DiffFormatter.swift */ = {isa = PBXFileReference; lastKnownFileType = sourcecode.swift; path = "String+DiffFormatter.swift"; sourceTree = "<group>"; };
		224EE6F221A8E1C9008A97CF /* Outputtable.swift */ = {isa = PBXFileReference; lastKnownFileType = sourcecode.swift; path = Outputtable.swift; sourceTree = "<group>"; };
		224EE6F521A8EE82008A97CF /* Line_Context.swift */ = {isa = PBXFileReference; lastKnownFileType = sourcecode.swift; path = Line_Context.swift; sourceTree = "<group>"; };
		224EE6F821A917B7008A97CF /* Line.swift */ = {isa = PBXFileReference; lastKnownFileType = sourcecode.swift; path = Line.swift; sourceTree = "<group>"; };
		225623E3219100F500D43338 /* Utilities.swift */ = {isa = PBXFileReference; lastKnownFileType = sourcecode.swift; path = Utilities.swift; sourceTree = "<group>"; };
		2264334C2123DC9700B46082 /* Configurator.swift */ = {isa = PBXFileReference; lastKnownFileType = sourcecode.swift; path = Configurator.swift; sourceTree = "<group>"; };
		2264334E2123DD3100B46082 /* Configuration.swift */ = {isa = PBXFileReference; lastKnownFileType = sourcecode.swift; path = Configuration.swift; sourceTree = "<group>"; };
		226433512123E0BD00B46082 /* Section_Info.swift */ = {isa = PBXFileReference; lastKnownFileType = sourcecode.swift; path = Section_Info.swift; sourceTree = "<group>"; };
		2264335321240C0C00B46082 /* Section.swift */ = {isa = PBXFileReference; lastKnownFileType = sourcecode.swift; path = Section.swift; sourceTree = "<group>"; };
		226433592125037E00B46082 /* Line_Components.swift */ = {isa = PBXFileReference; lastKnownFileType = sourcecode.swift; path = Line_Components.swift; sourceTree = "<group>"; };
		2264335F2126421100B46082 /* DiffFormatterTests.xctest */ = {isa = PBXFileReference; explicitFileType = wrapper.cfbundle; includeInIndex = 0; path = DiffFormatterTests.xctest; sourceTree = BUILT_PRODUCTS_DIR; };
		226433612126421100B46082 /* OutputTests.swift */ = {isa = PBXFileReference; lastKnownFileType = sourcecode.swift; path = OutputTests.swift; sourceTree = "<group>"; };
		226433632126421100B46082 /* Info.plist */ = {isa = PBXFileReference; lastKnownFileType = text.plist.xml; path = Info.plist; sourceTree = "<group>"; };
		2274E0D421A8A14A00707869 /* Regex.swift */ = {isa = PBXFileReference; lastKnownFileType = sourcecode.swift; path = Regex.swift; sourceTree = "<group>"; };
		2274E0D621A8A1E000707869 /* Transformer.swift */ = {isa = PBXFileReference; lastKnownFileType = sourcecode.swift; path = Transformer.swift; sourceTree = "<group>"; };
		2274E0DB21A8A56B00707869 /* Line_FormatComponent.swift */ = {isa = PBXFileReference; lastKnownFileType = sourcecode.swift; path = Line_FormatComponent.swift; sourceTree = "<group>"; };
		2274E0DD21A8A5CE00707869 /* LineOutputtable.swift */ = {isa = PBXFileReference; lastKnownFileType = sourcecode.swift; path = LineOutputtable.swift; sourceTree = "<group>"; };
		228D0DFC214ED03400D808F7 /* Info.plist */ = {isa = PBXFileReference; lastKnownFileType = text.plist.xml; path = Info.plist; sourceTree = "<group>"; };
		228D0DFD214ED79100D808F7 /* App.swift */ = {isa = PBXFileReference; lastKnownFileType = sourcecode.swift; path = App.swift; sourceTree = "<group>"; };
		22AACD5A20EEAAAC00806FF3 /* DiffFormatter */ = {isa = PBXFileReference; explicitFileType = "compiled.mach-o.executable"; includeInIndex = 0; path = DiffFormatter; sourceTree = BUILT_PRODUCTS_DIR; };
		22AACD5D20EEAAAC00806FF3 /* main.swift */ = {isa = PBXFileReference; lastKnownFileType = sourcecode.swift; path = main.swift; sourceTree = "<group>"; };
		22AACD6420EEAAE200806FF3 /* Utilities_Regex.swift */ = {isa = PBXFileReference; lastKnownFileType = sourcecode.swift; path = Utilities_Regex.swift; sourceTree = "<group>"; };
		22AACD6620EED11200806FF3 /* TransformerFactory.swift */ = {isa = PBXFileReference; lastKnownFileType = sourcecode.swift; path = TransformerFactory.swift; sourceTree = "<group>"; };
		22AACD6820EED11800806FF3 /* Utilities_Pasteboard.swift */ = {isa = PBXFileReference; lastKnownFileType = sourcecode.swift; path = Utilities_Pasteboard.swift; sourceTree = "<group>"; };
		22AACD6A20EED12500806FF3 /* Utilities_OutputGenerator.swift */ = {isa = PBXFileReference; lastKnownFileType = sourcecode.swift; path = Utilities_OutputGenerator.swift; sourceTree = "<group>"; };
		22AACD6C20EEE33500806FF3 /* ArgumentRouter.swift */ = {isa = PBXFileReference; lastKnownFileType = sourcecode.swift; path = ArgumentRouter.swift; sourceTree = "<group>"; };
		22AACD7020EF24CC00806FF3 /* Contributor.swift */ = {isa = PBXFileReference; lastKnownFileType = sourcecode.swift; path = Contributor.swift; sourceTree = "<group>"; };
		22AACD7420EF30B400806FF3 /* Argument.swift */ = {isa = PBXFileReference; lastKnownFileType = sourcecode.swift; path = Argument.swift; sourceTree = "<group>"; };
		22AB23592190BBC4000BAD64 /* ArgumentHandler.swift */ = {isa = PBXFileReference; lastKnownFileType = sourcecode.swift; path = ArgumentHandler.swift; sourceTree = "<group>"; };
		22AB235D2190BCAC000BAD64 /* UsageHandler.swift */ = {isa = PBXFileReference; lastKnownFileType = sourcecode.swift; path = UsageHandler.swift; sourceTree = "<group>"; };
		22AB23602190C1F1000BAD64 /* VersionHandler.swift */ = {isa = PBXFileReference; lastKnownFileType = sourcecode.swift; path = VersionHandler.swift; sourceTree = "<group>"; };
		22AB23622190C2EC000BAD64 /* RoutingContext.swift */ = {isa = PBXFileReference; lastKnownFileType = sourcecode.swift; path = RoutingContext.swift; sourceTree = "<group>"; };
		22AB23642190C65D000BAD64 /* DiffHandler.swift */ = {isa = PBXFileReference; lastKnownFileType = sourcecode.swift; path = DiffHandler.swift; sourceTree = "<group>"; };
		22AB23672190E130000BAD64 /* HandleResult.swift */ = {isa = PBXFileReference; lastKnownFileType = sourcecode.swift; path = HandleResult.swift; sourceTree = "<group>"; };
		22B7B58721A8B247005F43F1 /* Codable+DiffFormatter.swift */ = {isa = PBXFileReference; lastKnownFileType = sourcecode.swift; path = "Codable+DiffFormatter.swift"; sourceTree = "<group>"; };
		22FAE691212718660097A0A5 /* ProcessInfoMock.swift */ = {isa = PBXFileReference; lastKnownFileType = sourcecode.swift; path = ProcessInfoMock.swift; sourceTree = "<group>"; };
		22FAE69321271B4E0097A0A5 /* FileManagerMock.swift */ = {isa = PBXFileReference; lastKnownFileType = sourcecode.swift; path = FileManagerMock.swift; sourceTree = "<group>"; };
		22FAE69A21272AD60097A0A5 /* default_config.json */ = {isa = PBXFileReference; lastKnownFileType = text.json; path = default_config.json; sourceTree = "<group>"; };
		22FAE69F2127450D0097A0A5 /* DelimiterPair.swift */ = {isa = PBXFileReference; lastKnownFileType = sourcecode.swift; path = DelimiterPair.swift; sourceTree = "<group>"; };
		22FAE6A22127492F0097A0A5 /* DelimiterConfiguration.swift */ = {isa = PBXFileReference; fileEncoding = 4; lastKnownFileType = sourcecode.swift; path = DelimiterConfiguration.swift; sourceTree = "<group>"; };
		22FAE6A521274F4C0097A0A5 /* custom_delimiter_config.json */ = {isa = PBXFileReference; lastKnownFileType = text.json; path = custom_delimiter_config.json; sourceTree = "<group>"; };
		22FAE6A721277DC60097A0A5 /* ContributorsConfiguration.swift */ = {isa = PBXFileReference; lastKnownFileType = sourcecode.swift; path = ContributorsConfiguration.swift; sourceTree = "<group>"; };
/* End PBXFileReference section */

/* Begin PBXFrameworksBuildPhase section */
		2264335C2126421100B46082 /* Frameworks */ = {
			isa = PBXFrameworksBuildPhase;
			buildActionMask = 2147483647;
			files = (
			);
			runOnlyForDeploymentPostprocessing = 0;
		};
		22AACD5720EEAAAC00806FF3 /* Frameworks */ = {
			isa = PBXFrameworksBuildPhase;
			buildActionMask = 2147483647;
			files = (
			);
			runOnlyForDeploymentPostprocessing = 0;
		};
/* End PBXFrameworksBuildPhase section */

/* Begin PBXGroup section */
		220291E221D71374009A1F15 /* Mocks */ = {
			isa = PBXGroup;
			children = (
				220291E021D7129C009A1F15 /* Mocks.swift */,
				22FAE69321271B4E0097A0A5 /* FileManagerMock.swift */,
				22FAE691212718660097A0A5 /* ProcessInfoMock.swift */,
			);
			path = Mocks;
			sourceTree = "<group>";
		};
		224EE6F021A8DD5B008A97CF /* Routing */ = {
			isa = PBXGroup;
			children = (
				22AACD7420EF30B400806FF3 /* Argument.swift */,
				2221C32521920784008D2AA7 /* ArgumentScheme.swift */,
			);
			path = Routing;
			sourceTree = "<group>";
		};
		224EE6F121A8E093008A97CF /* Line */ = {
			isa = PBXGroup;
			children = (
				224EE6F821A917B7008A97CF /* Line.swift */,
				226433592125037E00B46082 /* Line_Components.swift */,
				224EE6F521A8EE82008A97CF /* Line_Context.swift */,
				2274E0DB21A8A56B00707869 /* Line_FormatComponent.swift */,
				2274E0DD21A8A5CE00707869 /* LineOutputtable.swift */,
			);
			path = Line;
			sourceTree = "<group>";
		};
		226433502123E0A600B46082 /* Section */ = {
			isa = PBXGroup;
			children = (
				224EE6F121A8E093008A97CF /* Line */,
				2264335321240C0C00B46082 /* Section.swift */,
				226433512123E0BD00B46082 /* Section_Info.swift */,
			);
			path = Section;
			sourceTree = "<group>";
		};
		226433552124A17900B46082 /* Configuration */ = {
			isa = PBXGroup;
			children = (
				2264334C2123DC9700B46082 /* Configurator.swift */,
				2264334E2123DD3100B46082 /* Configuration.swift */,
				22FAE6A22127492F0097A0A5 /* DelimiterConfiguration.swift */,
				22FAE6A721277DC60097A0A5 /* ContributorsConfiguration.swift */,
				221E3E1B2127E6CB00256B13 /* GitConfiguration.swift */,
			);
			path = Configuration;
			sourceTree = "<group>";
		};
		226433562124A35000B46082 /* Models */ = {
			isa = PBXGroup;
			children = (
				2274E0D821A8A23600707869 /* Factories */,
				224EE6F021A8DD5B008A97CF /* Routing */,
				226433502123E0A600B46082 /* Section */,
				22AACD7020EF24CC00806FF3 /* Contributor.swift */,
				22FAE69F2127450D0097A0A5 /* DelimiterPair.swift */,
				224EE6F221A8E1C9008A97CF /* Outputtable.swift */,
				2274E0D421A8A14A00707869 /* Regex.swift */,
				2274E0D621A8A1E000707869 /* Transformer.swift */,
			);
			path = Models;
			sourceTree = "<group>";
		};
		226433572124A3A000B46082 /* Utilities */ = {
			isa = PBXGroup;
			children = (
				225623E3219100F500D43338 /* Utilities.swift */,
				221E3E192127E36800256B13 /* Utilities_GitDiffer.swift */,
				22AACD6A20EED12500806FF3 /* Utilities_OutputGenerator.swift */,
				22AACD6820EED11800806FF3 /* Utilities_Pasteboard.swift */,
				22AACD6420EEAAE200806FF3 /* Utilities_Regex.swift */,
				221E3E1F2127F28F00256B13 /* Utilities_Shell.swift */,
			);
			path = Utilities;
			sourceTree = "<group>";
		};
		226433582124A3F400B46082 /* Extensions */ = {
			isa = PBXGroup;
			children = (
				223745BD20F3220D0002AD6F /* String+DiffFormatter.swift */,
				22B7B58721A8B247005F43F1 /* Codable+DiffFormatter.swift */,
			);
			path = Extensions;
			sourceTree = "<group>";
		};
		226433602126421100B46082 /* DiffFormatterTests */ = {
			isa = PBXGroup;
			children = (
				22FAE69521271DE00097A0A5 /* Config */,
				220291E221D71374009A1F15 /* Mocks */,
				226433632126421100B46082 /* Info.plist */,
				220291E321D716ED009A1F15 /* ConfigurationTests.swift */,
				226433612126421100B46082 /* OutputTests.swift */,
				220291DE21D7121F009A1F15 /* RoutingTests.swift */,
			);
			path = DiffFormatterTests;
			sourceTree = "<group>";
		};
		2274E0D821A8A23600707869 /* Factories */ = {
			isa = PBXGroup;
			children = (
				22AACD6620EED11200806FF3 /* TransformerFactory.swift */,
			);
			path = Factories;
			sourceTree = "<group>";
		};
		228D0DFB214ED01100D808F7 /* App */ = {
			isa = PBXGroup;
			children = (
				228D0DFD214ED79100D808F7 /* App.swift */,
				228D0DFC214ED03400D808F7 /* Info.plist */,
			);
			path = App;
			sourceTree = "<group>";
		};
		22AACD5120EEAAAC00806FF3 = {
			isa = PBXGroup;
			children = (
				22AACD5C20EEAAAC00806FF3 /* DiffFormatter */,
				226433602126421100B46082 /* DiffFormatterTests */,
				22AACD5B20EEAAAC00806FF3 /* Products */,
			);
			sourceTree = "<group>";
		};
		22AACD5B20EEAAAC00806FF3 /* Products */ = {
			isa = PBXGroup;
			children = (
				22AACD5A20EEAAAC00806FF3 /* DiffFormatter */,
				2264335F2126421100B46082 /* DiffFormatterTests.xctest */,
			);
			name = Products;
			sourceTree = "<group>";
		};
		22AACD5C20EEAAAC00806FF3 /* DiffFormatter */ = {
			isa = PBXGroup;
			children = (
				228D0DFB214ED01100D808F7 /* App */,
				226433552124A17900B46082 /* Configuration */,
				226433582124A3F400B46082 /* Extensions */,
				226433562124A35000B46082 /* Models */,
				22AB235B2190BBCE000BAD64 /* Routing */,
				226433572124A3A000B46082 /* Utilities */,
				22AACD5D20EEAAAC00806FF3 /* main.swift */,
			);
			path = DiffFormatter;
			sourceTree = "<group>";
		};
		22AB235B2190BBCE000BAD64 /* Routing */ = {
			isa = PBXGroup;
			children = (
				22AB235C2190BBD8000BAD64 /* ArgumentHandlers */,
				22AACD6C20EEE33500806FF3 /* ArgumentRouter.swift */,
				22AB23592190BBC4000BAD64 /* ArgumentHandler.swift */,
				22AB23622190C2EC000BAD64 /* RoutingContext.swift */,
				22AB23672190E130000BAD64 /* HandleResult.swift */,
			);
			path = Routing;
			sourceTree = "<group>";
		};
		22AB235C2190BBD8000BAD64 /* ArgumentHandlers */ = {
			isa = PBXGroup;
			children = (
				22AB235D2190BCAC000BAD64 /* UsageHandler.swift */,
				22AB23602190C1F1000BAD64 /* VersionHandler.swift */,
				22AB23642190C65D000BAD64 /* DiffHandler.swift */,
			);
			path = ArgumentHandlers;
			sourceTree = "<group>";
		};
		22FAE69521271DE00097A0A5 /* Config */ = {
			isa = PBXGroup;
			children = (
				22FAE69A21272AD60097A0A5 /* default_config.json */,
				22FAE6A521274F4C0097A0A5 /* custom_delimiter_config.json */,
			);
			path = Config;
			sourceTree = "<group>";
		};
/* End PBXGroup section */

/* Begin PBXNativeTarget section */
		2264335E2126421100B46082 /* DiffFormatterTests */ = {
			isa = PBXNativeTarget;
			buildConfigurationList = 226433662126421100B46082 /* Build configuration list for PBXNativeTarget "DiffFormatterTests" */;
			buildPhases = (
				2264335B2126421100B46082 /* Sources */,
				2264335C2126421100B46082 /* Frameworks */,
				2264335D2126421100B46082 /* Resources */,
			);
			buildRules = (
			);
			dependencies = (
			);
			name = DiffFormatterTests;
			productName = DiffFormatterTests;
			productReference = 2264335F2126421100B46082 /* DiffFormatterTests.xctest */;
			productType = "com.apple.product-type.bundle.unit-test";
		};
		22AACD5920EEAAAC00806FF3 /* DiffFormatter */ = {
			isa = PBXNativeTarget;
			buildConfigurationList = 22AACD6120EEAAAC00806FF3 /* Build configuration list for PBXNativeTarget "DiffFormatter" */;
			buildPhases = (
				22AACD5620EEAAAC00806FF3 /* Sources */,
				22AACD5720EEAAAC00806FF3 /* Frameworks */,
				22AACD5820EEAAAC00806FF3 /* CopyFiles */,
			);
			buildRules = (
			);
			dependencies = (
			);
			name = DiffFormatter;
			productName = TextTransformer;
			productReference = 22AACD5A20EEAAAC00806FF3 /* DiffFormatter */;
			productType = "com.apple.product-type.tool";
		};
/* End PBXNativeTarget section */

/* Begin PBXProject section */
		22AACD5220EEAAAC00806FF3 /* Project object */ = {
			isa = PBXProject;
			attributes = {
				LastSwiftUpdateCheck = 0940;
				LastUpgradeCheck = 0940;
				ORGANIZATIONNAME = DHL;
				TargetAttributes = {
					2264335E2126421100B46082 = {
						CreatedOnToolsVersion = 9.4.1;
					};
					22AACD5920EEAAAC00806FF3 = {
						CreatedOnToolsVersion = 9.4.1;
						LastSwiftMigration = 1000;
					};
				};
			};
			buildConfigurationList = 22AACD5520EEAAAC00806FF3 /* Build configuration list for PBXProject "DiffFormatter" */;
			compatibilityVersion = "Xcode 9.3";
			developmentRegion = en;
			hasScannedForEncodings = 0;
			knownRegions = (
				en,
			);
			mainGroup = 22AACD5120EEAAAC00806FF3;
			productRefGroup = 22AACD5B20EEAAAC00806FF3 /* Products */;
			projectDirPath = "";
			projectRoot = "";
			targets = (
				22AACD5920EEAAAC00806FF3 /* DiffFormatter */,
				2264335E2126421100B46082 /* DiffFormatterTests */,
			);
		};
/* End PBXProject section */

/* Begin PBXResourcesBuildPhase section */
		2264335D2126421100B46082 /* Resources */ = {
			isa = PBXResourcesBuildPhase;
			buildActionMask = 2147483647;
			files = (
				22FAE6A621274F4C0097A0A5 /* custom_delimiter_config.json in Resources */,
				22FAE69B21272AD60097A0A5 /* default_config.json in Resources */,
			);
			runOnlyForDeploymentPostprocessing = 0;
		};
/* End PBXResourcesBuildPhase section */

/* Begin PBXSourcesBuildPhase section */
		2264335B2126421100B46082 /* Sources */ = {
			isa = PBXSourcesBuildPhase;
			buildActionMask = 2147483647;
			files = (
				224EE6FA21A919DE008A97CF /* Line.swift in Sources */,
				220291DF21D7121F009A1F15 /* RoutingTests.swift in Sources */,
				225623D42190FA9600D43338 /* DelimiterPair.swift in Sources */,
				224EE6F721A8EF19008A97CF /* Line_Context.swift in Sources */,
				225623D12190FA9300D43338 /* Argument.swift in Sources */,
				225623DF2190FAA600D43338 /* DelimiterConfiguration.swift in Sources */,
				2274E0DA21A8A2A400707869 /* Transformer.swift in Sources */,
				225623DC2190FAA000D43338 /* Utilities_Shell.swift in Sources */,
				225623CB2190FA8000D43338 /* HandleResult.swift in Sources */,
				225623D82190FAA000D43338 /* Utilities_GitDiffer.swift in Sources */,
				220291E121D7129C009A1F15 /* Mocks.swift in Sources */,
				22FAE692212718660097A0A5 /* ProcessInfoMock.swift in Sources */,
				22B7B58621A8A8B7005F43F1 /* Line_FormatComponent.swift in Sources */,
				22B7B58521A8A87F005F43F1 /* LineOutputtable.swift in Sources */,
				225623D32190FA9600D43338 /* Contributor.swift in Sources */,
				225623D62190FA9B00D43338 /* Section.swift in Sources */,
				226433622126421100B46082 /* OutputTests.swift in Sources */,
				225623CC2190FA8A00D43338 /* UsageHandler.swift in Sources */,
				225623DA2190FAA000D43338 /* Utilities_Pasteboard.swift in Sources */,
				225623DD2190FAA600D43338 /* Configurator.swift in Sources */,
				225623D72190FA9B00D43338 /* Line_Components.swift in Sources */,
				2221C327219207B9008D2AA7 /* ArgumentScheme.swift in Sources */,
				225623E12190FAA600D43338 /* GitConfiguration.swift in Sources */,
				225623CE2190FA8A00D43338 /* DiffHandler.swift in Sources */,
				225623CA2190FA8000D43338 /* RoutingContext.swift in Sources */,
				225623C92190FA8000D43338 /* ArgumentHandler.swift in Sources */,
				225623CD2190FA8A00D43338 /* VersionHandler.swift in Sources */,
				225623E22190FAAA00D43338 /* String+DiffFormatter.swift in Sources */,
				2274E0D921A8A28D00707869 /* Regex.swift in Sources */,
				225623DB2190FAA000D43338 /* Utilities_Regex.swift in Sources */,
				225623E02190FAA600D43338 /* ContributorsConfiguration.swift in Sources */,
				225623D02190FA9300D43338 /* TransformerFactory.swift in Sources */,
				22B7B58921A8B4BC005F43F1 /* Codable+DiffFormatter.swift in Sources */,
				225623DE2190FAA600D43338 /* Configuration.swift in Sources */,
				225623CF2190FA8E00D43338 /* App.swift in Sources */,
				225623D52190FA9B00D43338 /* Section_Info.swift in Sources */,
				224EE6F421A8E358008A97CF /* Outputtable.swift in Sources */,
				225623E52191037F00D43338 /* Utilities.swift in Sources */,
				220291E421D716ED009A1F15 /* ConfigurationTests.swift in Sources */,
				22FAE69421271B4E0097A0A5 /* FileManagerMock.swift in Sources */,
				225623D92190FAA000D43338 /* Utilities_OutputGenerator.swift in Sources */,
				225623C82190FA8000D43338 /* ArgumentRouter.swift in Sources */,
			);
			runOnlyForDeploymentPostprocessing = 0;
		};
		22AACD5620EEAAAC00806FF3 /* Sources */ = {
			isa = PBXSourcesBuildPhase;
			buildActionMask = 2147483647;
			files = (
				22FAE6A02127450D0097A0A5 /* DelimiterPair.swift in Sources */,
				224EE6F321A8E1C9008A97CF /* Outputtable.swift in Sources */,
				2264335421240C0C00B46082 /* Section.swift in Sources */,
				22FAE6A32127492F0097A0A5 /* DelimiterConfiguration.swift in Sources */,
				2274E0DE21A8A5CE00707869 /* LineOutputtable.swift in Sources */,
				2274E0D521A8A14A00707869 /* Regex.swift in Sources */,
				224EE6F621A8EE82008A97CF /* Line_Context.swift in Sources */,
				226433522123E0BD00B46082 /* Section_Info.swift in Sources */,
				22AB23652190C65D000BAD64 /* DiffHandler.swift in Sources */,
				22AACD7120EF24CC00806FF3 /* Contributor.swift in Sources */,
				221E3E1C2127E6CB00256B13 /* GitConfiguration.swift in Sources */,
				22AACD6B20EED12500806FF3 /* Utilities_OutputGenerator.swift in Sources */,
				221E3E1A2127E36800256B13 /* Utilities_GitDiffer.swift in Sources */,
				2264334F2123DD3100B46082 /* Configuration.swift in Sources */,
				22AACD6920EED11800806FF3 /* Utilities_Pasteboard.swift in Sources */,
				224EE6F921A917B7008A97CF /* Line.swift in Sources */,
				22AB23632190C2EC000BAD64 /* RoutingContext.swift in Sources */,
				223745BE20F3220D0002AD6F /* String+DiffFormatter.swift in Sources */,
				22AACD5E20EEAAAC00806FF3 /* main.swift in Sources */,
				22AB23612190C1F1000BAD64 /* VersionHandler.swift in Sources */,
				2221C32621920784008D2AA7 /* ArgumentScheme.swift in Sources */,
				22AACD6520EEAAE200806FF3 /* Utilities_Regex.swift in Sources */,
				22AB23682190E130000BAD64 /* HandleResult.swift in Sources */,
				228D0DFE214ED79100D808F7 /* App.swift in Sources */,
				22AACD6720EED11200806FF3 /* TransformerFactory.swift in Sources */,
				221E3E202127F28F00256B13 /* Utilities_Shell.swift in Sources */,
				22FAE6A821277DC60097A0A5 /* ContributorsConfiguration.swift in Sources */,
				225623E4219100F500D43338 /* Utilities.swift in Sources */,
				22AACD6D20EEE33500806FF3 /* ArgumentRouter.swift in Sources */,
				22AB235E2190BCAC000BAD64 /* UsageHandler.swift in Sources */,
				22AACD7520EF30B400806FF3 /* Argument.swift in Sources */,
				2274E0DC21A8A56B00707869 /* Line_FormatComponent.swift in Sources */,
				2264335A2125037E00B46082 /* Line_Components.swift in Sources */,
				2264334D2123DC9700B46082 /* Configurator.swift in Sources */,
				22AB235A2190BBC4000BAD64 /* ArgumentHandler.swift in Sources */,
				2274E0D721A8A1E000707869 /* Transformer.swift in Sources */,
				22B7B58821A8B247005F43F1 /* Codable+DiffFormatter.swift in Sources */,
			);
			runOnlyForDeploymentPostprocessing = 0;
		};
/* End PBXSourcesBuildPhase section */

/* Begin XCBuildConfiguration section */
		226433642126421100B46082 /* Debug */ = {
			isa = XCBuildConfiguration;
			buildSettings = {
				CODE_SIGN_STYLE = Manual;
				COMBINE_HIDPI_IMAGES = YES;
				DEVELOPMENT_TEAM = 92AC5VS8HG;
				INFOPLIST_FILE = DiffFormatterTests/Info.plist;
				LD_RUNPATH_SEARCH_PATHS = (
					"$(inherited)",
					"@executable_path/../Frameworks",
					"@loader_path/../Frameworks",
				);
				PRODUCT_BUNDLE_IDENTIFIER = com.namolnad.DiffFormatterTests;
				PRODUCT_NAME = "$(TARGET_NAME)";
				PROVISIONING_PROFILE_SPECIFIER = "";
				SWIFT_VERSION = 4.2;
			};
			name = Debug;
		};
		226433652126421100B46082 /* Release */ = {
			isa = XCBuildConfiguration;
			buildSettings = {
				CODE_SIGN_STYLE = Manual;
				COMBINE_HIDPI_IMAGES = YES;
				DEVELOPMENT_TEAM = 92AC5VS8HG;
				INFOPLIST_FILE = DiffFormatterTests/Info.plist;
				LD_RUNPATH_SEARCH_PATHS = (
					"$(inherited)",
					"@executable_path/../Frameworks",
					"@loader_path/../Frameworks",
				);
				PRODUCT_BUNDLE_IDENTIFIER = com.namolnad.DiffFormatterTests;
				PRODUCT_NAME = "$(TARGET_NAME)";
				PROVISIONING_PROFILE_SPECIFIER = "";
				SWIFT_VERSION = 4.2;
			};
			name = Release;
		};
		22AACD5F20EEAAAC00806FF3 /* Debug */ = {
			isa = XCBuildConfiguration;
			buildSettings = {
				ALWAYS_SEARCH_USER_PATHS = NO;
				CLANG_ANALYZER_NONNULL = YES;
				CLANG_ANALYZER_NUMBER_OBJECT_CONVERSION = YES_AGGRESSIVE;
				CLANG_CXX_LANGUAGE_STANDARD = "gnu++14";
				CLANG_CXX_LIBRARY = "libc++";
				CLANG_ENABLE_MODULES = YES;
				CLANG_ENABLE_OBJC_ARC = YES;
				CLANG_ENABLE_OBJC_WEAK = YES;
				CLANG_WARN_BLOCK_CAPTURE_AUTORELEASING = YES;
				CLANG_WARN_BOOL_CONVERSION = YES;
				CLANG_WARN_COMMA = YES;
				CLANG_WARN_CONSTANT_CONVERSION = YES;
				CLANG_WARN_DEPRECATED_OBJC_IMPLEMENTATIONS = YES;
				CLANG_WARN_DIRECT_OBJC_ISA_USAGE = YES_ERROR;
				CLANG_WARN_DOCUMENTATION_COMMENTS = YES;
				CLANG_WARN_EMPTY_BODY = YES;
				CLANG_WARN_ENUM_CONVERSION = YES;
				CLANG_WARN_INFINITE_RECURSION = YES;
				CLANG_WARN_INT_CONVERSION = YES;
				CLANG_WARN_NON_LITERAL_NULL_CONVERSION = YES;
				CLANG_WARN_OBJC_IMPLICIT_RETAIN_SELF = YES;
				CLANG_WARN_OBJC_LITERAL_CONVERSION = YES;
				CLANG_WARN_OBJC_ROOT_CLASS = YES_ERROR;
				CLANG_WARN_RANGE_LOOP_ANALYSIS = YES;
				CLANG_WARN_STRICT_PROTOTYPES = YES;
				CLANG_WARN_SUSPICIOUS_MOVE = YES;
				CLANG_WARN_UNGUARDED_AVAILABILITY = YES_AGGRESSIVE;
				CLANG_WARN_UNREACHABLE_CODE = YES;
				CLANG_WARN__DUPLICATE_METHOD_MATCH = YES;
				CODE_SIGN_IDENTITY = "Mac Developer";
				COPY_PHASE_STRIP = NO;
				DEBUG_INFORMATION_FORMAT = dwarf;
				ENABLE_STRICT_OBJC_MSGSEND = YES;
				ENABLE_TESTABILITY = YES;
				GCC_C_LANGUAGE_STANDARD = gnu11;
				GCC_DYNAMIC_NO_PIC = NO;
				GCC_NO_COMMON_BLOCKS = YES;
				GCC_OPTIMIZATION_LEVEL = 0;
				GCC_PREPROCESSOR_DEFINITIONS = (
					"DEBUG=1",
					"$(inherited)",
				);
				GCC_WARN_64_TO_32_BIT_CONVERSION = YES;
				GCC_WARN_ABOUT_RETURN_TYPE = YES_ERROR;
				GCC_WARN_UNDECLARED_SELECTOR = YES;
				GCC_WARN_UNINITIALIZED_AUTOS = YES_AGGRESSIVE;
				GCC_WARN_UNUSED_FUNCTION = YES;
				GCC_WARN_UNUSED_VARIABLE = YES;
				MACOSX_DEPLOYMENT_TARGET = 10.13;
				MTL_ENABLE_DEBUG_INFO = YES;
				ONLY_ACTIVE_ARCH = YES;
				SDKROOT = macosx;
				SWIFT_ACTIVE_COMPILATION_CONDITIONS = DEBUG;
				SWIFT_OPTIMIZATION_LEVEL = "-Onone";
			};
			name = Debug;
		};
		22AACD6020EEAAAC00806FF3 /* Release */ = {
			isa = XCBuildConfiguration;
			buildSettings = {
				ALWAYS_SEARCH_USER_PATHS = NO;
				CLANG_ANALYZER_NONNULL = YES;
				CLANG_ANALYZER_NUMBER_OBJECT_CONVERSION = YES_AGGRESSIVE;
				CLANG_CXX_LANGUAGE_STANDARD = "gnu++14";
				CLANG_CXX_LIBRARY = "libc++";
				CLANG_ENABLE_MODULES = YES;
				CLANG_ENABLE_OBJC_ARC = YES;
				CLANG_ENABLE_OBJC_WEAK = YES;
				CLANG_WARN_BLOCK_CAPTURE_AUTORELEASING = YES;
				CLANG_WARN_BOOL_CONVERSION = YES;
				CLANG_WARN_COMMA = YES;
				CLANG_WARN_CONSTANT_CONVERSION = YES;
				CLANG_WARN_DEPRECATED_OBJC_IMPLEMENTATIONS = YES;
				CLANG_WARN_DIRECT_OBJC_ISA_USAGE = YES_ERROR;
				CLANG_WARN_DOCUMENTATION_COMMENTS = YES;
				CLANG_WARN_EMPTY_BODY = YES;
				CLANG_WARN_ENUM_CONVERSION = YES;
				CLANG_WARN_INFINITE_RECURSION = YES;
				CLANG_WARN_INT_CONVERSION = YES;
				CLANG_WARN_NON_LITERAL_NULL_CONVERSION = YES;
				CLANG_WARN_OBJC_IMPLICIT_RETAIN_SELF = YES;
				CLANG_WARN_OBJC_LITERAL_CONVERSION = YES;
				CLANG_WARN_OBJC_ROOT_CLASS = YES_ERROR;
				CLANG_WARN_RANGE_LOOP_ANALYSIS = YES;
				CLANG_WARN_STRICT_PROTOTYPES = YES;
				CLANG_WARN_SUSPICIOUS_MOVE = YES;
				CLANG_WARN_UNGUARDED_AVAILABILITY = YES_AGGRESSIVE;
				CLANG_WARN_UNREACHABLE_CODE = YES;
				CLANG_WARN__DUPLICATE_METHOD_MATCH = YES;
				CODE_SIGN_IDENTITY = "Mac Developer";
				COPY_PHASE_STRIP = NO;
				DEBUG_INFORMATION_FORMAT = "dwarf-with-dsym";
				ENABLE_NS_ASSERTIONS = NO;
				ENABLE_STRICT_OBJC_MSGSEND = YES;
				GCC_C_LANGUAGE_STANDARD = gnu11;
				GCC_NO_COMMON_BLOCKS = YES;
				GCC_WARN_64_TO_32_BIT_CONVERSION = YES;
				GCC_WARN_ABOUT_RETURN_TYPE = YES_ERROR;
				GCC_WARN_UNDECLARED_SELECTOR = YES;
				GCC_WARN_UNINITIALIZED_AUTOS = YES_AGGRESSIVE;
				GCC_WARN_UNUSED_FUNCTION = YES;
				GCC_WARN_UNUSED_VARIABLE = YES;
				MACOSX_DEPLOYMENT_TARGET = 10.13;
				MTL_ENABLE_DEBUG_INFO = NO;
				SDKROOT = macosx;
				SWIFT_COMPILATION_MODE = wholemodule;
				SWIFT_OPTIMIZATION_LEVEL = "-O";
			};
			name = Release;
		};
		22AACD6220EEAAAC00806FF3 /* Debug */ = {
			isa = XCBuildConfiguration;
			buildSettings = {
				CODE_SIGN_IDENTITY = "-";
				CODE_SIGN_STYLE = Manual;
				CREATE_INFOPLIST_SECTION_IN_BINARY = YES;
				DEVELOPMENT_TEAM = 92AC5VS8HG;
				INFOPLIST_FILE = DiffFormatter/App/Info.plist;
				PRODUCT_BUNDLE_IDENTIFIER = com.namolnad.DiffFormatter;
				PRODUCT_NAME = "$(TARGET_NAME)";
				PROVISIONING_PROFILE_SPECIFIER = "";
				SWIFT_INSTALL_OBJC_HEADER = YES;
				SWIFT_VERSION = 4.2;
			};
			name = Debug;
		};
		22AACD6320EEAAAC00806FF3 /* Release */ = {
			isa = XCBuildConfiguration;
			buildSettings = {
				CODE_SIGN_IDENTITY = "-";
				CODE_SIGN_STYLE = Manual;
				CREATE_INFOPLIST_SECTION_IN_BINARY = YES;
				DEVELOPMENT_TEAM = 92AC5VS8HG;
				DSTROOT = /tmp/DiffFormatter.dst;
				INFOPLIST_FILE = DiffFormatter/App/Info.plist;
				PRODUCT_BUNDLE_IDENTIFIER = com.namolnad.DiffFormatter;
				PRODUCT_NAME = "$(TARGET_NAME)";
				PROVISIONING_PROFILE_SPECIFIER = "";
				SWIFT_INSTALL_OBJC_HEADER = YES;
				SWIFT_VERSION = 4.2;
			};
			name = Release;
		};
/* End XCBuildConfiguration section */

/* Begin XCConfigurationList section */
		226433662126421100B46082 /* Build configuration list for PBXNativeTarget "DiffFormatterTests" */ = {
			isa = XCConfigurationList;
			buildConfigurations = (
				226433642126421100B46082 /* Debug */,
				226433652126421100B46082 /* Release */,
			);
			defaultConfigurationIsVisible = 0;
			defaultConfigurationName = Release;
		};
		22AACD5520EEAAAC00806FF3 /* Build configuration list for PBXProject "DiffFormatter" */ = {
			isa = XCConfigurationList;
			buildConfigurations = (
				22AACD5F20EEAAAC00806FF3 /* Debug */,
				22AACD6020EEAAAC00806FF3 /* Release */,
			);
			defaultConfigurationIsVisible = 0;
			defaultConfigurationName = Release;
		};
		22AACD6120EEAAAC00806FF3 /* Build configuration list for PBXNativeTarget "DiffFormatter" */ = {
			isa = XCConfigurationList;
			buildConfigurations = (
				22AACD6220EEAAAC00806FF3 /* Debug */,
				22AACD6320EEAAAC00806FF3 /* Release */,
			);
			defaultConfigurationIsVisible = 0;
			defaultConfigurationName = Release;
		};
/* End XCConfigurationList section */
	};
	rootObject = 22AACD5220EEAAAC00806FF3 /* Project object */;
}
